
Microsoft Visual Studio Solution File, Format Version 12.00
# Visual Studio 15
VisualStudioVersion = 15.0.26124.0
MinimumVisualStudioVersion = 15.0.26124.0
Project("{FAE04EC0-301F-11D3-BF4B-00C04F79EFBC}") = "Domain.SystemCourse", "Domain.SystemCourse\Domain.SystemCourse.csproj", "{8BCD63D8-29BE-428B-8188-CAAD8DC91E87}"
EndProject
Project("{FAE04EC0-301F-11D3-BF4B-00C04F79EFBC}") = "Application.SystemCourse", "Application.SystemCourse\Application.SystemCourse.csproj", "{8B535F6A-FD8A-4EB6-BC11-83643D65D585}"
EndProject
Project("{FAE04EC0-301F-11D3-BF4B-00C04F79EFBC}") = "Persistence.SystemCourse", "Persistence.SystemCourse\Persistence.SystemCourse.csproj", "{BD6D4A3E-A49F-4020-A490-285DE94FF193}"
EndProject
Project("{FAE04EC0-301F-11D3-BF4B-00C04F79EFBC}") = "WebAPI.SystemCourse", "WebAPI.SystemCourse\WebAPI.SystemCourse.csproj", "{9E675F4D-9B83-44CE-9375-086221889732}"
EndProject
Project("{FAE04EC0-301F-11D3-BF4B-00C04F79EFBC}") = "Security.SystemCourse", "Security.SystemCourse\Security.SystemCourse.csproj", "{24C78FB0-8B61-4829-98AE-4860A1A241EE}"
EndProject
Global
	GlobalSection(SolutionConfigurationPlatforms) = preSolution
		Debug|Any CPU = Debug|Any CPU
		Debug|x64 = Debug|x64
		Debug|x86 = Debug|x86
		Release|Any CPU = Release|Any CPU
		Release|x64 = Release|x64
		Release|x86 = Release|x86
	EndGlobalSection
	GlobalSection(SolutionProperties) = preSolution
		HideSolutionNode = FALSE
	EndGlobalSection
	GlobalSection(ProjectConfigurationPlatforms) = postSolution
		{8BCD63D8-29BE-428B-8188-CAAD8DC91E87}.Debug|Any CPU.ActiveCfg = Debug|Any CPU
		{8BCD63D8-29BE-428B-8188-CAAD8DC91E87}.Debug|Any CPU.Build.0 = Debug|Any CPU
		{8BCD63D8-29BE-428B-8188-CAAD8DC91E87}.Debug|x64.ActiveCfg = Debug|Any CPU
		{8BCD63D8-29BE-428B-8188-CAAD8DC91E87}.Debug|x64.Build.0 = Debug|Any CPU
		{8BCD63D8-29BE-428B-8188-CAAD8DC91E87}.Debug|x86.ActiveCfg = Debug|Any CPU
		{8BCD63D8-29BE-428B-8188-CAAD8DC91E87}.Debug|x86.Build.0 = Debug|Any CPU
		{8BCD63D8-29BE-428B-8188-CAAD8DC91E87}.Release|Any CPU.ActiveCfg = Release|Any CPU
		{8BCD63D8-29BE-428B-8188-CAAD8DC91E87}.Release|Any CPU.Build.0 = Release|Any CPU
		{8BCD63D8-29BE-428B-8188-CAAD8DC91E87}.Release|x64.ActiveCfg = Release|Any CPU
		{8BCD63D8-29BE-428B-8188-CAAD8DC91E87}.Release|x64.Build.0 = Release|Any CPU
		{8BCD63D8-29BE-428B-8188-CAAD8DC91E87}.Release|x86.ActiveCfg = Release|Any CPU
		{8BCD63D8-29BE-428B-8188-CAAD8DC91E87}.Release|x86.Build.0 = Release|Any CPU
		{8B535F6A-FD8A-4EB6-BC11-83643D65D585}.Debug|Any CPU.ActiveCfg = Debug|Any CPU
		{8B535F6A-FD8A-4EB6-BC11-83643D65D585}.Debug|Any CPU.Build.0 = Debug|Any CPU
		{8B535F6A-FD8A-4EB6-BC11-83643D65D585}.Debug|x64.ActiveCfg = Debug|Any CPU
		{8B535F6A-FD8A-4EB6-BC11-83643D65D585}.Debug|x64.Build.0 = Debug|Any CPU
		{8B535F6A-FD8A-4EB6-BC11-83643D65D585}.Debug|x86.ActiveCfg = Debug|Any CPU
		{8B535F6A-FD8A-4EB6-BC11-83643D65D585}.Debug|x86.Build.0 = Debug|Any CPU
		{8B535F6A-FD8A-4EB6-BC11-83643D65D585}.Release|Any CPU.ActiveCfg = Release|Any CPU
		{8B535F6A-FD8A-4EB6-BC11-83643D65D585}.Release|Any CPU.Build.0 = Release|Any CPU
		{8B535F6A-FD8A-4EB6-BC11-83643D65D585}.Release|x64.ActiveCfg = Release|Any CPU
		{8B535F6A-FD8A-4EB6-BC11-83643D65D585}.Release|x64.Build.0 = Release|Any CPU
		{8B535F6A-FD8A-4EB6-BC11-83643D65D585}.Release|x86.ActiveCfg = Release|Any CPU
		{8B535F6A-FD8A-4EB6-BC11-83643D65D585}.Release|x86.Build.0 = Release|Any CPU
		{BD6D4A3E-A49F-4020-A490-285DE94FF193}.Debug|Any CPU.ActiveCfg = Debug|Any CPU
		{BD6D4A3E-A49F-4020-A490-285DE94FF193}.Debug|Any CPU.Build.0 = Debug|Any CPU
		{BD6D4A3E-A49F-4020-A490-285DE94FF193}.Debug|x64.ActiveCfg = Debug|Any CPU
		{BD6D4A3E-A49F-4020-A490-285DE94FF193}.Debug|x64.Build.0 = Debug|Any CPU
		{BD6D4A3E-A49F-4020-A490-285DE94FF193}.Debug|x86.ActiveCfg = Debug|Any CPU
		{BD6D4A3E-A49F-4020-A490-285DE94FF193}.Debug|x86.Build.0 = Debug|Any CPU
		{BD6D4A3E-A49F-4020-A490-285DE94FF193}.Release|Any CPU.ActiveCfg = Release|Any CPU
		{BD6D4A3E-A49F-4020-A490-285DE94FF193}.Release|Any CPU.Build.0 = Release|Any CPU
		{BD6D4A3E-A49F-4020-A490-285DE94FF193}.Release|x64.ActiveCfg = Release|Any CPU
		{BD6D4A3E-A49F-4020-A490-285DE94FF193}.Release|x64.Build.0 = Release|Any CPU
		{BD6D4A3E-A49F-4020-A490-285DE94FF193}.Release|x86.ActiveCfg = Release|Any CPU
		{BD6D4A3E-A49F-4020-A490-285DE94FF193}.Release|x86.Build.0 = Release|Any CPU
		{9E675F4D-9B83-44CE-9375-086221889732}.Debug|Any CPU.ActiveCfg = Debug|Any CPU
		{9E675F4D-9B83-44CE-9375-086221889732}.Debug|Any CPU.Build.0 = Debug|Any CPU
		{9E675F4D-9B83-44CE-9375-086221889732}.Debug|x64.ActiveCfg = Debug|Any CPU
		{9E675F4D-9B83-44CE-9375-086221889732}.Debug|x64.Build.0 = Debug|Any CPU
		{9E675F4D-9B83-44CE-9375-086221889732}.Debug|x86.ActiveCfg = Debug|Any CPU
		{9E675F4D-9B83-44CE-9375-086221889732}.Debug|x86.Build.0 = Debug|Any CPU
		{9E675F4D-9B83-44CE-9375-086221889732}.Release|Any CPU.ActiveCfg = Release|Any CPU
		{9E675F4D-9B83-44CE-9375-086221889732}.Release|Any CPU.Build.0 = Release|Any CPU
		{9E675F4D-9B83-44CE-9375-086221889732}.Release|x64.ActiveCfg = Release|Any CPU
		{9E675F4D-9B83-44CE-9375-086221889732}.Release|x64.Build.0 = Release|Any CPU
		{9E675F4D-9B83-44CE-9375-086221889732}.Release|x86.ActiveCfg = Release|Any CPU
		{9E675F4D-9B83-44CE-9375-086221889732}.Release|x86.Build.0 = Release|Any CPU
		{24C78FB0-8B61-4829-98AE-4860A1A241EE}.Debug|Any CPU.ActiveCfg = Debug|Any CPU
		{24C78FB0-8B61-4829-98AE-4860A1A241EE}.Debug|Any CPU.Build.0 = Debug|Any CPU
		{24C78FB0-8B61-4829-98AE-4860A1A241EE}.Debug|x64.ActiveCfg = Debug|Any CPU
		{24C78FB0-8B61-4829-98AE-4860A1A241EE}.Debug|x64.Build.0 = Debug|Any CPU
		{24C78FB0-8B61-4829-98AE-4860A1A241EE}.Debug|x86.ActiveCfg = Debug|Any CPU
		{24C78FB0-8B61-4829-98AE-4860A1A241EE}.Debug|x86.Build.0 = Debug|Any CPU
		{24C78FB0-8B61-4829-98AE-4860A1A241EE}.Release|Any CPU.ActiveCfg = Release|Any CPU
		{24C78FB0-8B61-4829-98AE-4860A1A241EE}.Release|Any CPU.Build.0 = Release|Any CPU
		{24C78FB0-8B61-4829-98AE-4860A1A241EE}.Release|x64.ActiveCfg = Release|Any CPU
		{24C78FB0-8B61-4829-98AE-4860A1A241EE}.Release|x64.Build.0 = Release|Any CPU
		{24C78FB0-8B61-4829-98AE-4860A1A241EE}.Release|x86.ActiveCfg = Release|Any CPU
		{24C78FB0-8B61-4829-98AE-4860A1A241EE}.Release|x86.Build.0 = Release|Any CPU
	EndGlobalSection
EndGlobal
